// !$*UTF8*$!
{
	archiveVersion = 1;
	classes = {
	};
	objectVersion = 77;
	objects = {

/* Begin PBXContainerItemProxy section */
		9046613A2D8AD9A1002A541D /* PBXContainerItemProxy */ = {
			isa = PBXContainerItemProxy;
			containerPortal = 904661212D8AD9A0002A541D /* Project object */;
			proxyType = 1;
			remoteGlobalIDString = 904661282D8AD9A0002A541D;
			remoteInfo = Personal;
		};
		904661442D8AD9A1002A541D /* PBXContainerItemProxy */ = {
			isa = PBXContainerItemProxy;
			containerPortal = 904661212D8AD9A0002A541D /* Project object */;
			proxyType = 1;
			remoteGlobalIDString = 904661282D8AD9A0002A541D;
			remoteInfo = Personal;
		};
/* End PBXContainerItemProxy section */

/* Begin PBXFileReference section */
		904661292D8AD9A0002A541D /* Personal.app */ = {isa = PBXFileReference; explicitFileType = wrapper.application; includeInIndex = 0; path = Personal.app; sourceTree = BUILT_PRODUCTS_DIR; };
		904661392D8AD9A1002A541D /* PersonalTests.xctest */ = {isa = PBXFileReference; explicitFileType = wrapper.cfbundle; includeInIndex = 0; path = PersonalTests.xctest; sourceTree = BUILT_PRODUCTS_DIR; };
		904661432D8AD9A1002A541D /* PersonalUITests.xctest */ = {isa = PBXFileReference; explicitFileType = wrapper.cfbundle; includeInIndex = 0; path = PersonalUITests.xctest; sourceTree = BUILT_PRODUCTS_DIR; };
/* End PBXFileReference section */

/* Begin PBXFileSystemSynchronizedRootGroup section */
		9046612B2D8AD9A0002A541D /* Personal */ = {
			isa = PBXFileSystemSynchronizedRootGroup;
			path = Personal;
			sourceTree = "<group>";
		};
		9046613C2D8AD9A1002A541D /* PersonalTests */ = {
			isa = PBXFileSystemSynchronizedRootGroup;
			path = PersonalTests;
			sourceTree = "<group>";
		};
		904661462D8AD9A1002A541D /* PersonalUITests */ = {
			isa = PBXFileSystemSynchronizedRootGroup;
			path = PersonalUITests;
			sourceTree = "<group>";
		};
/* End PBXFileSystemSynchronizedRootGroup section */

/* Begin PBXFrameworksBuildPhase section */
		904661262D8AD9A0002A541D /* Frameworks */ = {
			isa = PBXFrameworksBuildPhase;
			buildActionMask = 2147483647;
			files = (
			);
			runOnlyForDeploymentPostprocessing = 0;
		};
		904661362D8AD9A1002A541D /* Frameworks */ = {
			isa = PBXFrameworksBuildPhase;
			buildActionMask = 2147483647;
			files = (
			);
			runOnlyForDeploymentPostprocessing = 0;
		};
		904661402D8AD9A1002A541D /* Frameworks */ = {
			isa = PBXFrameworksBuildPhase;
			buildActionMask = 2147483647;
			files = (
			);
			runOnlyForDeploymentPostprocessing = 0;
		};
/* End PBXFrameworksBuildPhase section */

/* Begin PBXGroup section */
		904661202D8AD9A0002A541D = {
			isa = PBXGroup;
			children = (
				9046612B2D8AD9A0002A541D /* Personal */,
				9046613C2D8AD9A1002A541D /* PersonalTests */,
				904661462D8AD9A1002A541D /* PersonalUITests */,
				9046612A2D8AD9A0002A541D /* Products */,
			);
			sourceTree = "<group>";
		};
		9046612A2D8AD9A0002A541D /* Products */ = {
			isa = PBXGroup;
			children = (
				904661292D8AD9A0002A541D /* Personal.app */,
				904661392D8AD9A1002A541D /* PersonalTests.xctest */,
				904661432D8AD9A1002A541D /* PersonalUITests.xctest */,
			);
			name = Products;
			sourceTree = "<group>";
		};
/* End PBXGroup section */

/* Begin PBXNativeTarget section */
		904661282D8AD9A0002A541D /* Personal */ = {
			isa = PBXNativeTarget;
			buildConfigurationList = 9046614D2D8AD9A1002A541D /* Build configuration list for PBXNativeTarget "Personal" */;
			buildPhases = (
				904661252D8AD9A0002A541D /* Sources */,
				904661262D8AD9A0002A541D /* Frameworks */,
				904661272D8AD9A0002A541D /* Resources */,
			);
			buildRules = (
			);
			dependencies = (
			);
			fileSystemSynchronizedGroups = (
				9046612B2D8AD9A0002A541D /* Personal */,
			);
			name = Personal;
			packageProductDependencies = (
			);
			productName = Personal;
			productReference = 904661292D8AD9A0002A541D /* Personal.app */;
			productType = "com.apple.product-type.application";
		};
		904661382D8AD9A1002A541D /* PersonalTests */ = {
			isa = PBXNativeTarget;
			buildConfigurationList = 904661502D8AD9A1002A541D /* Build configuration list for PBXNativeTarget "PersonalTests" */;
			buildPhases = (
				904661352D8AD9A1002A541D /* Sources */,
				904661362D8AD9A1002A541D /* Frameworks */,
				904661372D8AD9A1002A541D /* Resources */,
			);
			buildRules = (
			);
			dependencies = (
				9046613B2D8AD9A1002A541D /* PBXTargetDependency */,
			);
			fileSystemSynchronizedGroups = (
				9046613C2D8AD9A1002A541D /* PersonalTests */,
			);
			name = PersonalTests;
			packageProductDependencies = (
			);
			productName = PersonalTests;
			productReference = 904661392D8AD9A1002A541D /* PersonalTests.xctest */;
			productType = "com.apple.product-type.bundle.unit-test";
		};
		904661422D8AD9A1002A541D /* PersonalUITests */ = {
			isa = PBXNativeTarget;
			buildConfigurationList = 904661532D8AD9A1002A541D /* Build configuration list for PBXNativeTarget "PersonalUITests" */;
			buildPhases = (
				9046613F2D8AD9A1002A541D /* Sources */,
				904661402D8AD9A1002A541D /* Frameworks */,
				904661412D8AD9A1002A541D /* Resources */,
			);
			buildRules = (
			);
			dependencies = (
				904661452D8AD9A1002A541D /* PBXTargetDependency */,
			);
			fileSystemSynchronizedGroups = (
				904661462D8AD9A1002A541D /* PersonalUITests */,
			);
			name = PersonalUITests;
			packageProductDependencies = (
			);
			productName = PersonalUITests;
			productReference = 904661432D8AD9A1002A541D /* PersonalUITests.xctest */;
			productType = "com.apple.product-type.bundle.ui-testing";
		};
/* End PBXNativeTarget section */

/* Begin PBXProject section */
		904661212D8AD9A0002A541D /* Project object */ = {
			isa = PBXProject;
			attributes = {
				BuildIndependentTargetsInParallel = 1;
				LastSwiftUpdateCheck = 1620;
				LastUpgradeCheck = 1620;
				TargetAttributes = {
					904661282D8AD9A0002A541D = {
						CreatedOnToolsVersion = 16.2;
					};
					904661382D8AD9A1002A541D = {
						CreatedOnToolsVersion = 16.2;
						TestTargetID = 904661282D8AD9A0002A541D;
					};
					904661422D8AD9A1002A541D = {
						CreatedOnToolsVersion = 16.2;
						TestTargetID = 904661282D8AD9A0002A541D;
					};
				};
			};
			buildConfigurationList = 904661242D8AD9A0002A541D /* Build configuration list for PBXProject "Personal" */;
			developmentRegion = en;
			hasScannedForEncodings = 0;
			knownRegions = (
				en,
				Base,
			);
			mainGroup = 904661202D8AD9A0002A541D;
			minimizedProjectReferenceProxies = 1;
			preferredProjectObjectVersion = 77;
			productRefGroup = 9046612A2D8AD9A0002A541D /* Products */;
			projectDirPath = "";
			projectRoot = "";
			targets = (
				904661282D8AD9A0002A541D /* Personal */,
				904661382D8AD9A1002A541D /* PersonalTests */,
				904661422D8AD9A1002A541D /* PersonalUITests */,
			);
		};
/* End PBXProject section */

/* Begin PBXResourcesBuildPhase section */
		904661272D8AD9A0002A541D /* Resources */ = {
			isa = PBXResourcesBuildPhase;
			buildActionMask = 2147483647;
			files = (
			);
			runOnlyForDeploymentPostprocessing = 0;
		};
		904661372D8AD9A1002A541D /* Resources */ = {
			isa = PBXResourcesBuildPhase;
			buildActionMask = 2147483647;
			files = (
			);
			runOnlyForDeploymentPostprocessing = 0;
		};
		904661412D8AD9A1002A541D /* Resources */ = {
			isa = PBXResourcesBuildPhase;
			buildActionMask = 2147483647;
			files = (
			);
			runOnlyForDeploymentPostprocessing = 0;
		};
/* End PBXResourcesBuildPhase section */

/* Begin PBXSourcesBuildPhase section */
		904661252D8AD9A0002A541D /* Sources */ = {
			isa = PBXSourcesBuildPhase;
			buildActionMask = 2147483647;
			files = (
			);
			runOnlyForDeploymentPostprocessing = 0;
		};
		904661352D8AD9A1002A541D /* Sources */ = {
			isa = PBXSourcesBuildPhase;
			buildActionMask = 2147483647;
			files = (
			);
			runOnlyForDeploymentPostprocessing = 0;
		};
		9046613F2D8AD9A1002A541D /* Sources */ = {
			isa = PBXSourcesBuildPhase;
			buildActionMask = 2147483647;
			files = (
			);
			runOnlyForDeploymentPostprocessing = 0;
		};
/* End PBXSourcesBuildPhase section */

/* Begin PBXTargetDependency section */
		9046613B2D8AD9A1002A541D /* PBXTargetDependency */ = {
			isa = PBXTargetDependency;
			target = 904661282D8AD9A0002A541D /* Personal */;
			targetProxy = 9046613A2D8AD9A1002A541D /* PBXContainerItemProxy */;
		};
		904661452D8AD9A1002A541D /* PBXTargetDependency */ = {
			isa = PBXTargetDependency;
			target = 904661282D8AD9A0002A541D /* Personal */;
			targetProxy = 904661442D8AD9A1002A541D /* PBXContainerItemProxy */;
		};
/* End PBXTargetDependency section */

/* Begin XCBuildConfiguration section */
		9046614B2D8AD9A1002A541D /* Debug */ = {
			isa = XCBuildConfiguration;
			buildSettings = {
				ALWAYS_SEARCH_USER_PATHS = NO;
				ASSETCATALOG_COMPILER_GENERATE_SWIFT_ASSET_SYMBOL_EXTENSIONS = YES;
				CLANG_ANALYZER_NONNULL = YES;
				CLANG_ANALYZER_NUMBER_OBJECT_CONVERSION = YES_AGGRESSIVE;
				CLANG_CXX_LANGUAGE_STANDARD = "gnu++20";
				CLANG_ENABLE_MODULES = YES;
				CLANG_ENABLE_OBJC_ARC = YES;
				CLANG_ENABLE_OBJC_WEAK = YES;
				CLANG_WARN_BLOCK_CAPTURE_AUTORELEASING = YES;
				CLANG_WARN_BOOL_CONVERSION = YES;
				CLANG_WARN_COMMA = YES;
				CLANG_WARN_CONSTANT_CONVERSION = YES;
				CLANG_WARN_DEPRECATED_OBJC_IMPLEMENTATIONS = YES;
				CLANG_WARN_DIRECT_OBJC_ISA_USAGE = YES_ERROR;
				CLANG_WARN_DOCUMENTATION_COMMENTS = YES;
				CLANG_WARN_EMPTY_BODY = YES;
				CLANG_WARN_ENUM_CONVERSION = YES;
				CLANG_WARN_INFINITE_RECURSION = YES;
				CLANG_WARN_INT_CONVERSION = YES;
				CLANG_WARN_NON_LITERAL_NULL_CONVERSION = YES;
				CLANG_WARN_OBJC_IMPLICIT_RETAIN_SELF = YES;
				CLANG_WARN_OBJC_LITERAL_CONVERSION = YES;
				CLANG_WARN_OBJC_ROOT_CLASS = YES_ERROR;
				CLANG_WARN_QUOTED_INCLUDE_IN_FRAMEWORK_HEADER = YES;
				CLANG_WARN_RANGE_LOOP_ANALYSIS = YES;
				CLANG_WARN_STRICT_PROTOTYPES = YES;
				CLANG_WARN_SUSPICIOUS_MOVE = YES;
				CLANG_WARN_UNGUARDED_AVAILABILITY = YES_AGGRESSIVE;
				CLANG_WARN_UNREACHABLE_CODE = YES;
				CLANG_WARN__DUPLICATE_METHOD_MATCH = YES;
				COPY_PHASE_STRIP = NO;
				DEBUG_INFORMATION_FORMAT = dwarf;
				ENABLE_STRICT_OBJC_MSGSEND = YES;
				ENABLE_TESTABILITY = YES;
				ENABLE_USER_SCRIPT_SANDBOXING = YES;
				GCC_C_LANGUAGE_STANDARD = gnu17;
				GCC_DYNAMIC_NO_PIC = NO;
				GCC_NO_COMMON_BLOCKS = YES;
				GCC_OPTIMIZATION_LEVEL = 0;
				GCC_PREPROCESSOR_DEFINITIONS = (
					"DEBUG=1",
					"$(inherited)",
				);
				GCC_WARN_64_TO_32_BIT_CONVERSION = YES;
				GCC_WARN_ABOUT_RETURN_TYPE = YES_ERROR;
				GCC_WARN_UNDECLARED_SELECTOR = YES;
				GCC_WARN_UNINITIALIZED_AUTOS = YES_AGGRESSIVE;
				GCC_WARN_UNUSED_FUNCTION = YES;
				GCC_WARN_UNUSED_VARIABLE = YES;
				IPHONEOS_DEPLOYMENT_TARGET = 18.2;
				LOCALIZATION_PREFERS_STRING_CATALOGS = YES;
				MTL_ENABLE_DEBUG_INFO = INCLUDE_SOURCE;
				MTL_FAST_MATH = YES;
				ONLY_ACTIVE_ARCH = YES;
				SDKROOT = iphoneos;
				SWIFT_ACTIVE_COMPILATION_CONDITIONS = "DEBUG $(inherited)";
				SWIFT_OPTIMIZATION_LEVEL = "-Onone";
			};
			name = Debug;
		};
		9046614C2D8AD9A1002A541D /* Release */ = {
			isa = XCBuildConfiguration;
			buildSettings = {
				ALWAYS_SEARCH_USER_PATHS = NO;
				ASSETCATALOG_COMPILER_GENERATE_SWIFT_ASSET_SYMBOL_EXTENSIONS = YES;
				CLANG_ANALYZER_NONNULL = YES;
				CLANG_ANALYZER_NUMBER_OBJECT_CONVERSION = YES_AGGRESSIVE;
				CLANG_CXX_LANGUAGE_STANDARD = "gnu++20";
				CLANG_ENABLE_MODULES = YES;
				CLANG_ENABLE_OBJC_ARC = YES;
				CLANG_ENABLE_OBJC_WEAK = YES;
				CLANG_WARN_BLOCK_CAPTURE_AUTORELEASING = YES;
				CLANG_WARN_BOOL_CONVERSION = YES;
				CLANG_WARN_COMMA = YES;
				CLANG_WARN_CONSTANT_CONVERSION = YES;
				CLANG_WARN_DEPRECATED_OBJC_IMPLEMENTATIONS = YES;
				CLANG_WARN_DIRECT_OBJC_ISA_USAGE = YES_ERROR;
				CLANG_WARN_DOCUMENTATION_COMMENTS = YES;
				CLANG_WARN_EMPTY_BODY = YES;
				CLANG_WARN_ENUM_CONVERSION = YES;
				CLANG_WARN_INFINITE_RECURSION = YES;
				CLANG_WARN_INT_CONVERSION = YES;
				CLANG_WARN_NON_LITERAL_NULL_CONVERSION = YES;
				CLANG_WARN_OBJC_IMPLICIT_RETAIN_SELF = YES;
				CLANG_WARN_OBJC_LITERAL_CONVERSION = YES;
				CLANG_WARN_OBJC_ROOT_CLASS = YES_ERROR;
				CLANG_WARN_QUOTED_INCLUDE_IN_FRAMEWORK_HEADER = YES;
				CLANG_WARN_RANGE_LOOP_ANALYSIS = YES;
				CLANG_WARN_STRICT_PROTOTYPES = YES;
				CLANG_WARN_SUSPICIOUS_MOVE = YES;
				CLANG_WARN_UNGUARDED_AVAILABILITY = YES_AGGRESSIVE;
				CLANG_WARN_UNREACHABLE_CODE = YES;
				CLANG_WARN__DUPLICATE_METHOD_MATCH = YES;
				COPY_PHASE_STRIP = NO;
				DEBUG_INFORMATION_FORMAT = "dwarf-with-dsym";
				ENABLE_NS_ASSERTIONS = NO;
				ENABLE_STRICT_OBJC_MSGSEND = YES;
				ENABLE_USER_SCRIPT_SANDBOXING = YES;
				GCC_C_LANGUAGE_STANDARD = gnu17;
				GCC_NO_COMMON_BLOCKS = YES;
				GCC_WARN_64_TO_32_BIT_CONVERSION = YES;
				GCC_WARN_ABOUT_RETURN_TYPE = YES_ERROR;
				GCC_WARN_UNDECLARED_SELECTOR = YES;
				GCC_WARN_UNINITIALIZED_AUTOS = YES_AGGRESSIVE;
				GCC_WARN_UNUSED_FUNCTION = YES;
				GCC_WARN_UNUSED_VARIABLE = YES;
				IPHONEOS_DEPLOYMENT_TARGET = 18.2;
				LOCALIZATION_PREFERS_STRING_CATALOGS = YES;
				MTL_ENABLE_DEBUG_INFO = NO;
				MTL_FAST_MATH = YES;
				SDKROOT = iphoneos;
				SWIFT_COMPILATION_MODE = wholemodule;
				VALIDATE_PRODUCT = YES;
			};
			name = Release;
		};
		9046614E2D8AD9A1002A541D /* Debug */ = {
			isa = XCBuildConfiguration;
			buildSettings = {
				ASSETCATALOG_COMPILER_APPICON_NAME = AppIcon;
				ASSETCATALOG_COMPILER_GLOBAL_ACCENT_COLOR_NAME = AccentColor;
				CODE_SIGN_STYLE = Automatic;
				CURRENT_PROJECT_VERSION = 1;
				DEVELOPMENT_ASSET_PATHS = "\"Personal/Preview Content\"";
				DEVELOPMENT_TEAM = 8D5D6HU857;
				ENABLE_PREVIEWS = YES;
				GENERATE_INFOPLIST_FILE = YES;
				INFOPLIST_KEY_UIApplicationSceneManifest_Generation = YES;
				INFOPLIST_KEY_UIApplicationSupportsIndirectInputEvents = YES;
				INFOPLIST_KEY_UILaunchScreen_Generation = YES;
				INFOPLIST_KEY_UISupportedInterfaceOrientations_iPad = "UIInterfaceOrientationPortrait UIInterfaceOrientationPortraitUpsideDown UIInterfaceOrientationLandscapeLeft UIInterfaceOrientationLandscapeRight";
				INFOPLIST_KEY_UISupportedInterfaceOrientations_iPhone = "UIInterfaceOrientationPortrait UIInterfaceOrientationLandscapeLeft UIInterfaceOrientationLandscapeRight";
				LD_RUNPATH_SEARCH_PATHS = (
					"$(inherited)",
					"@executable_path/Frameworks",
				);
				MARKETING_VERSION = 1.0;
				PRODUCT_BUNDLE_IDENTIFIER = Manu.Personal;
				PRODUCT_NAME = "$(TARGET_NAME)";
				SWIFT_EMIT_LOC_STRINGS = YES;
				SWIFT_VERSION = 5.0;
				TARGETED_DEVICE_FAMILY = "1,2";
			};
			name = Debug;
		};
		9046614F2D8AD9A1002A541D /* Release */ = {
			isa = XCBuildConfiguration;
			buildSettings = {
				ASSETCATALOG_COMPILER_APPICON_NAME = AppIcon;
				ASSETCATALOG_COMPILER_GLOBAL_ACCENT_COLOR_NAME = AccentColor;
				CODE_SIGN_STYLE = Automatic;
				CURRENT_PROJECT_VERSION = 1;
				DEVELOPMENT_ASSET_PATHS = "\"Personal/Preview Content\"";
				DEVELOPMENT_TEAM = 8D5D6HU857;
				ENABLE_PREVIEWS = YES;
				GENERATE_INFOPLIST_FILE = YES;
				INFOPLIST_KEY_UIApplicationSceneManifest_Generation = YES;
				INFOPLIST_KEY_UIApplicationSupportsIndirectInputEvents = YES;
				INFOPLIST_KEY_UILaunchScreen_Generation = YES;
				INFOPLIST_KEY_UISupportedInterfaceOrientations_iPad = "UIInterfaceOrientationPortrait UIInterfaceOrientationPortraitUpsideDown UIInterfaceOrientationLandscapeLeft UIInterfaceOrientationLandscapeRight";
				INFOPLIST_KEY_UISupportedInterfaceOrientations_iPhone = "UIInterfaceOrientationPortrait UIInterfaceOrientationLandscapeLeft UIInterfaceOrientationLandscapeRight";
				LD_RUNPATH_SEARCH_PATHS = (
					"$(inherited)",
					"@executable_path/Frameworks",
				);
				MARKETING_VERSION = 1.0;
				PRODUCT_BUNDLE_IDENTIFIER = Manu.Personal;
				PRODUCT_NAME = "$(TARGET_NAME)";
				SWIFT_EMIT_LOC_STRINGS = YES;
				SWIFT_VERSION = 5.0;
				TARGETED_DEVICE_FAMILY = "1,2";
			};
			name = Release;
		};
		904661512D8AD9A1002A541D /* Debug */ = {
			isa = XCBuildConfiguration;
			buildSettings = {
				BUNDLE_LOADER = "$(TEST_HOST)";
				CODE_SIGN_STYLE = Automatic;
				CURRENT_PROJECT_VERSION = 1;
				DEVELOPMENT_TEAM = 8D5D6HU857;
				GENERATE_INFOPLIST_FILE = YES;
				IPHONEOS_DEPLOYMENT_TARGET = 18.2;
				MARKETING_VERSION = 1.0;
				PRODUCT_BUNDLE_IDENTIFIER = Manu.PersonalTests;
				PRODUCT_NAME = "$(TARGET_NAME)";
				SWIFT_EMIT_LOC_STRINGS = NO;
				SWIFT_VERSION = 5.0;
				TARGETED_DEVICE_FAMILY = "1,2";
				TEST_HOST = "$(BUILT_PRODUCTS_DIR)/Personal.app/$(BUNDLE_EXECUTABLE_FOLDER_PATH)/Personal";
			};
			name = Debug;
		};
		904661522D8AD9A1002A541D /* Release */ = {
			isa = XCBuildConfiguration;
			buildSettings = {
				BUNDLE_LOADER = "$(TEST_HOST)";
				CODE_SIGN_STYLE = Automatic;
				CURRENT_PROJECT_VERSION = 1;
				DEVELOPMENT_TEAM = 8D5D6HU857;
				GENERATE_INFOPLIST_FILE = YES;
				IPHONEOS_DEPLOYMENT_TARGET = 18.2;
				MARKETING_VERSION = 1.0;
				PRODUCT_BUNDLE_IDENTIFIER = Manu.PersonalTests;
				PRODUCT_NAME = "$(TARGET_NAME)";
				SWIFT_EMIT_LOC_STRINGS = NO;
				SWIFT_VERSION = 5.0;
				TARGETED_DEVICE_FAMILY = "1,2";
				TEST_HOST = "$(BUILT_PRODUCTS_DIR)/Personal.app/$(BUNDLE_EXECUTABLE_FOLDER_PATH)/Personal";
			};
			name = Release;
		};
		904661542D8AD9A1002A541D /* Debug */ = {
			isa = XCBuildConfiguration;
			buildSettings = {
				CODE_SIGN_STYLE = Automatic;
				CURRENT_PROJECT_VERSION = 1;
				DEVELOPMENT_TEAM = 8D5D6HU857;
				GENERATE_INFOPLIST_FILE = YES;
				MARKETING_VERSION = 1.0;
				PRODUCT_BUNDLE_IDENTIFIER = Manu.PersonalUITests;
				PRODUCT_NAME = "$(TARGET_NAME)";
				SWIFT_EMIT_LOC_STRINGS = NO;
				SWIFT_VERSION = 5.0;
				TARGETED_DEVICE_FAMILY = "1,2";
				TEST_TARGET_NAME = Personal;
			};
			name = Debug;
		};
		904661552D8AD9A1002A541D /* Release */ = {
			isa = XCBuildConfiguration;
			buildSettings = {
				CODE_SIGN_STYLE = Automatic;
				CURRENT_PROJECT_VERSION = 1;
				DEVELOPMENT_TEAM = 8D5D6HU857;
				GENERATE_INFOPLIST_FILE = YES;
				MARKETING_VERSION = 1.0;
				PRODUCT_BUNDLE_IDENTIFIER = Manu.PersonalUITests;
				PRODUCT_NAME = "$(TARGET_NAME)";
				SWIFT_EMIT_LOC_STRINGS = NO;
				SWIFT_VERSION = 5.0;
				TARGETED_DEVICE_FAMILY = "1,2";
				TEST_TARGET_NAME = Personal;
			};
			name = Release;
		};
/* End XCBuildConfiguration section */

/* Begin XCConfigurationList section */
		904661242D8AD9A0002A541D /* Build configuration list for PBXProject "Personal" */ = {
			isa = XCConfigurationList;
			buildConfigurations = (
				9046614B2D8AD9A1002A541D /* Debug */,
				9046614C2D8AD9A1002A541D /* Release */,
			);
			defaultConfigurationIsVisible = 0;
			defaultConfigurationName = Release;
		};
		9046614D2D8AD9A1002A541D /* Build configuration list for PBXNativeTarget "Personal" */ = {
			isa = XCConfigurationList;
			buildConfigurations = (
				9046614E2D8AD9A1002A541D /* Debug */,
				9046614F2D8AD9A1002A541D /* Release */,
			);
			defaultConfigurationIsVisible = 0;
			defaultConfigurationName = Release;
		};
		904661502D8AD9A1002A541D /* Build configuration list for PBXNativeTarget "PersonalTests" */ = {
			isa = XCConfigurationList;
			buildConfigurations = (
				904661512D8AD9A1002A541D /* Debug */,
				904661522D8AD9A1002A541D /* Release */,
			);
			defaultConfigurationIsVisible = 0;
			defaultConfigurationName = Release;
		};
		904661532D8AD9A1002A541D /* Build configuration list for PBXNativeTarget "PersonalUITests" */ = {
			isa = XCConfigurationList;
			buildConfigurations = (
				904661542D8AD9A1002A541D /* Debug */,
				904661552D8AD9A1002A541D /* Release */,
			);
			defaultConfigurationIsVisible = 0;
			defaultConfigurationName = Release;
		};
/* End XCConfigurationList section */
	};
	rootObject = 904661212D8AD9A0002A541D /* Project object */;
}
